
Microsoft Visual Studio Solution File, Format Version 12.00
# Visual Studio 15
VisualStudioVersion = 15.0.27428.2037
MinimumVisualStudioVersion = 10.0.40219.1
Project("{FAE04EC0-301F-11D3-BF4B-00C04F79EFBC}") = "Cursolista02", "Cursolista02\Cursolista02.csproj", "{46B8B56E-91CF-4476-A5D6-8C59A6C0C4FF}"
EndProject
Global
	GlobalSection(SolutionConfigurationPlatforms) = preSolution
		Debug|Any CPU = Debug|Any CPU
		Release|Any CPU = Release|Any CPU
	EndGlobalSection
	GlobalSection(ProjectConfigurationPlatforms) = postSolution
		{46B8B56E-91CF-4476-A5D6-8C59A6C0C4FF}.Debug|Any CPU.ActiveCfg = Debug|Any CPU
		{46B8B56E-91CF-4476-A5D6-8C59A6C0C4FF}.Debug|Any CPU.Build.0 = Debug|Any CPU
		{46B8B56E-91CF-4476-A5D6-8C59A6C0C4FF}.Release|Any CPU.ActiveCfg = Release|Any CPU
		{46B8B56E-91CF-4476-A5D6-8C59A6C0C4FF}.Release|Any CPU.Build.0 = Release|Any CPU
	EndGlobalSection
	GlobalSection(SolutionProperties) = preSolution
		HideSolutionNode = FALSE
	EndGlobalSection
	GlobalSection(ExtensibilityGlobals) = postSolution
		SolutionGuid = {79C5E9BF-39EC-4C4B-8D9A-850F4DCDC1AC}
	EndGlobalSection
EndGlobal
