
Microsoft Visual Studio Solution File, Format Version 12.00
# Visual Studio 15
VisualStudioVersion = 15.0.27428.2037
MinimumVisualStudioVersion = 10.0.40219.1
Project("{FAE04EC0-301F-11D3-BF4B-00C04F79EFBC}") = "Cursoexe01", "Cursoexe01\Cursoexe01.csproj", "{18208847-FE75-4BBE-A510-BDEE375D4DB4}"
EndProject
Global
	GlobalSection(SolutionConfigurationPlatforms) = preSolution
		Debug|Any CPU = Debug|Any CPU
		Release|Any CPU = Release|Any CPU
	EndGlobalSection
	GlobalSection(ProjectConfigurationPlatforms) = postSolution
		{18208847-FE75-4BBE-A510-BDEE375D4DB4}.Debug|Any CPU.ActiveCfg = Debug|Any CPU
		{18208847-FE75-4BBE-A510-BDEE375D4DB4}.Debug|Any CPU.Build.0 = Debug|Any CPU
		{18208847-FE75-4BBE-A510-BDEE375D4DB4}.Release|Any CPU.ActiveCfg = Release|Any CPU
		{18208847-FE75-4BBE-A510-BDEE375D4DB4}.Release|Any CPU.Build.0 = Release|Any CPU
	EndGlobalSection
	GlobalSection(SolutionProperties) = preSolution
		HideSolutionNode = FALSE
	EndGlobalSection
	GlobalSection(ExtensibilityGlobals) = postSolution
		SolutionGuid = {B95C4E3D-E0C3-4F71-9551-905733ACF37A}
	EndGlobalSection
EndGlobal
